// !$*UTF8*$!
{
	archiveVersion = 1;
	classes = {
	};
	objectVersion = 55;
	objects = {

/* Begin PBXBuildFile section */
		4B5D614E27A1E339005749EC /* AppDelegate.swift in Sources */ = {isa = PBXBuildFile; fileRef = 4B5D614D27A1E339005749EC /* AppDelegate.swift */; };
		4B5D615027A1E339005749EC /* SceneDelegate.swift in Sources */ = {isa = PBXBuildFile; fileRef = 4B5D614F27A1E339005749EC /* SceneDelegate.swift */; };
		4B5D615227A1E339005749EC /* ViewController.swift in Sources */ = {isa = PBXBuildFile; fileRef = 4B5D615127A1E339005749EC /* ViewController.swift */; };
		4B5D615527A1E339005749EC /* Main.storyboard in Resources */ = {isa = PBXBuildFile; fileRef = 4B5D615327A1E339005749EC /* Main.storyboard */; };
		4B5D615727A1E33E005749EC /* Assets.xcassets in Resources */ = {isa = PBXBuildFile; fileRef = 4B5D615627A1E33E005749EC /* Assets.xcassets */; };
		4B5D615A27A1E33E005749EC /* LaunchScreen.storyboard in Resources */ = {isa = PBXBuildFile; fileRef = 4B5D615827A1E33E005749EC /* LaunchScreen.storyboard */; };
		4B5D616527A1E33E005749EC /* CryptoTrackerTests.swift in Sources */ = {isa = PBXBuildFile; fileRef = 4B5D616427A1E33E005749EC /* CryptoTrackerTests.swift */; };
		4B5D616F27A1E33E005749EC /* CryptoTrackerUITests.swift in Sources */ = {isa = PBXBuildFile; fileRef = 4B5D616E27A1E33E005749EC /* CryptoTrackerUITests.swift */; };
		4B5D617127A1E33E005749EC /* CryptoTrackerUITestsLaunchTests.swift in Sources */ = {isa = PBXBuildFile; fileRef = 4B5D617027A1E33E005749EC /* CryptoTrackerUITestsLaunchTests.swift */; };
		4B5D617E27A2250A005749EC /* APICaller.swift in Sources */ = {isa = PBXBuildFile; fileRef = 4B5D617D27A2250A005749EC /* APICaller.swift */; };
		4B5D618027A22A87005749EC /* CryptoTableViewCell.swift in Sources */ = {isa = PBXBuildFile; fileRef = 4B5D617F27A22A87005749EC /* CryptoTableViewCell.swift */; };
		4B5D618227A36D6F005749EC /* Models.swift in Sources */ = {isa = PBXBuildFile; fileRef = 4B5D618127A36D6F005749EC /* Models.swift */; };
/* End PBXBuildFile section */

/* Begin PBXContainerItemProxy section */
		4B5D616127A1E33E005749EC /* PBXContainerItemProxy */ = {
			isa = PBXContainerItemProxy;
			containerPortal = 4B5D614227A1E339005749EC /* Project object */;
			proxyType = 1;
			remoteGlobalIDString = 4B5D614927A1E339005749EC;
			remoteInfo = CryptoTracker;
		};
		4B5D616B27A1E33E005749EC /* PBXContainerItemProxy */ = {
			isa = PBXContainerItemProxy;
			containerPortal = 4B5D614227A1E339005749EC /* Project object */;
			proxyType = 1;
			remoteGlobalIDString = 4B5D614927A1E339005749EC;
			remoteInfo = CryptoTracker;
		};
/* End PBXContainerItemProxy section */

/* Begin PBXFileReference section */
		4B5D614A27A1E339005749EC /* CryptoTracker.app */ = {isa = PBXFileReference; explicitFileType = wrapper.application; includeInIndex = 0; path = CryptoTracker.app; sourceTree = BUILT_PRODUCTS_DIR; };
		4B5D614D27A1E339005749EC /* AppDelegate.swift */ = {isa = PBXFileReference; lastKnownFileType = sourcecode.swift; path = AppDelegate.swift; sourceTree = "<group>"; };
		4B5D614F27A1E339005749EC /* SceneDelegate.swift */ = {isa = PBXFileReference; lastKnownFileType = sourcecode.swift; path = SceneDelegate.swift; sourceTree = "<group>"; };
		4B5D615127A1E339005749EC /* ViewController.swift */ = {isa = PBXFileReference; lastKnownFileType = sourcecode.swift; path = ViewController.swift; sourceTree = "<group>"; };
		4B5D615427A1E339005749EC /* Base */ = {isa = PBXFileReference; lastKnownFileType = file.storyboard; name = Base; path = Base.lproj/Main.storyboard; sourceTree = "<group>"; };
		4B5D615627A1E33E005749EC /* Assets.xcassets */ = {isa = PBXFileReference; lastKnownFileType = folder.assetcatalog; path = Assets.xcassets; sourceTree = "<group>"; };
		4B5D615927A1E33E005749EC /* Base */ = {isa = PBXFileReference; lastKnownFileType = file.storyboard; name = Base; path = Base.lproj/LaunchScreen.storyboard; sourceTree = "<group>"; };
		4B5D615B27A1E33E005749EC /* Info.plist */ = {isa = PBXFileReference; lastKnownFileType = text.plist.xml; path = Info.plist; sourceTree = "<group>"; };
		4B5D616027A1E33E005749EC /* CryptoTrackerTests.xctest */ = {isa = PBXFileReference; explicitFileType = wrapper.cfbundle; includeInIndex = 0; path = CryptoTrackerTests.xctest; sourceTree = BUILT_PRODUCTS_DIR; };
		4B5D616427A1E33E005749EC /* CryptoTrackerTests.swift */ = {isa = PBXFileReference; lastKnownFileType = sourcecode.swift; path = CryptoTrackerTests.swift; sourceTree = "<group>"; };
		4B5D616A27A1E33E005749EC /* CryptoTrackerUITests.xctest */ = {isa = PBXFileReference; explicitFileType = wrapper.cfbundle; includeInIndex = 0; path = CryptoTrackerUITests.xctest; sourceTree = BUILT_PRODUCTS_DIR; };
		4B5D616E27A1E33E005749EC /* CryptoTrackerUITests.swift */ = {isa = PBXFileReference; lastKnownFileType = sourcecode.swift; path = CryptoTrackerUITests.swift; sourceTree = "<group>"; };
		4B5D617027A1E33E005749EC /* CryptoTrackerUITestsLaunchTests.swift */ = {isa = PBXFileReference; lastKnownFileType = sourcecode.swift; path = CryptoTrackerUITestsLaunchTests.swift; sourceTree = "<group>"; };
		4B5D617D27A2250A005749EC /* APICaller.swift */ = {isa = PBXFileReference; lastKnownFileType = sourcecode.swift; path = APICaller.swift; sourceTree = "<group>"; wrapsLines = 0; };
		4B5D617F27A22A87005749EC /* CryptoTableViewCell.swift */ = {isa = PBXFileReference; lastKnownFileType = sourcecode.swift; path = CryptoTableViewCell.swift; sourceTree = "<group>"; };
		4B5D618127A36D6F005749EC /* Models.swift */ = {isa = PBXFileReference; lastKnownFileType = sourcecode.swift; path = Models.swift; sourceTree = "<group>"; };
/* End PBXFileReference section */

/* Begin PBXFrameworksBuildPhase section */
		4B5D614727A1E339005749EC /* Frameworks */ = {
			isa = PBXFrameworksBuildPhase;
			buildActionMask = 2147483647;
			files = (
			);
			runOnlyForDeploymentPostprocessing = 0;
		};
		4B5D615D27A1E33E005749EC /* Frameworks */ = {
			isa = PBXFrameworksBuildPhase;
			buildActionMask = 2147483647;
			files = (
			);
			runOnlyForDeploymentPostprocessing = 0;
		};
		4B5D616727A1E33E005749EC /* Frameworks */ = {
			isa = PBXFrameworksBuildPhase;
			buildActionMask = 2147483647;
			files = (
			);
			runOnlyForDeploymentPostprocessing = 0;
		};
/* End PBXFrameworksBuildPhase section */

/* Begin PBXGroup section */
		4B5D614127A1E339005749EC = {
			isa = PBXGroup;
			children = (
				4B5D614C27A1E339005749EC /* CryptoTracker */,
				4B5D616327A1E33E005749EC /* CryptoTrackerTests */,
				4B5D616D27A1E33E005749EC /* CryptoTrackerUITests */,
				4B5D614B27A1E339005749EC /* Products */,
			);
			sourceTree = "<group>";
		};
		4B5D614B27A1E339005749EC /* Products */ = {
			isa = PBXGroup;
			children = (
				4B5D614A27A1E339005749EC /* CryptoTracker.app */,
				4B5D616027A1E33E005749EC /* CryptoTrackerTests.xctest */,
				4B5D616A27A1E33E005749EC /* CryptoTrackerUITests.xctest */,
			);
			name = Products;
			sourceTree = "<group>";
		};
		4B5D614C27A1E339005749EC /* CryptoTracker */ = {
			isa = PBXGroup;
			children = (
				4B5D614D27A1E339005749EC /* AppDelegate.swift */,
				4B5D614F27A1E339005749EC /* SceneDelegate.swift */,
				4B5D615127A1E339005749EC /* ViewController.swift */,
				4B5D615327A1E339005749EC /* Main.storyboard */,
				4B5D615627A1E33E005749EC /* Assets.xcassets */,
				4B5D615827A1E33E005749EC /* LaunchScreen.storyboard */,
				4B5D615B27A1E33E005749EC /* Info.plist */,
				4B5D617D27A2250A005749EC /* APICaller.swift */,
				4B5D617F27A22A87005749EC /* CryptoTableViewCell.swift */,
				4B5D618127A36D6F005749EC /* Models.swift */,
			);
			path = CryptoTracker;
			sourceTree = "<group>";
		};
		4B5D616327A1E33E005749EC /* CryptoTrackerTests */ = {
			isa = PBXGroup;
			children = (
				4B5D616427A1E33E005749EC /* CryptoTrackerTests.swift */,
			);
			path = CryptoTrackerTests;
			sourceTree = "<group>";
		};
		4B5D616D27A1E33E005749EC /* CryptoTrackerUITests */ = {
			isa = PBXGroup;
			children = (
				4B5D616E27A1E33E005749EC /* CryptoTrackerUITests.swift */,
				4B5D617027A1E33E005749EC /* CryptoTrackerUITestsLaunchTests.swift */,
			);
			path = CryptoTrackerUITests;
			sourceTree = "<group>";
		};
/* End PBXGroup section */

/* Begin PBXNativeTarget section */
		4B5D614927A1E339005749EC /* CryptoTracker */ = {
			isa = PBXNativeTarget;
			buildConfigurationList = 4B5D617427A1E33E005749EC /* Build configuration list for PBXNativeTarget "CryptoTracker" */;
			buildPhases = (
				4B5D614627A1E339005749EC /* Sources */,
				4B5D614727A1E339005749EC /* Frameworks */,
				4B5D614827A1E339005749EC /* Resources */,
			);
			buildRules = (
			);
			dependencies = (
			);
			name = CryptoTracker;
			productName = CryptoTracker;
			productReference = 4B5D614A27A1E339005749EC /* CryptoTracker.app */;
			productType = "com.apple.product-type.application";
		};
		4B5D615F27A1E33E005749EC /* CryptoTrackerTests */ = {
			isa = PBXNativeTarget;
			buildConfigurationList = 4B5D617727A1E33E005749EC /* Build configuration list for PBXNativeTarget "CryptoTrackerTests" */;
			buildPhases = (
				4B5D615C27A1E33E005749EC /* Sources */,
				4B5D615D27A1E33E005749EC /* Frameworks */,
				4B5D615E27A1E33E005749EC /* Resources */,
			);
			buildRules = (
			);
			dependencies = (
				4B5D616227A1E33E005749EC /* PBXTargetDependency */,
			);
			name = CryptoTrackerTests;
			productName = CryptoTrackerTests;
			productReference = 4B5D616027A1E33E005749EC /* CryptoTrackerTests.xctest */;
			productType = "com.apple.product-type.bundle.unit-test";
		};
		4B5D616927A1E33E005749EC /* CryptoTrackerUITests */ = {
			isa = PBXNativeTarget;
			buildConfigurationList = 4B5D617A27A1E33E005749EC /* Build configuration list for PBXNativeTarget "CryptoTrackerUITests" */;
			buildPhases = (
				4B5D616627A1E33E005749EC /* Sources */,
				4B5D616727A1E33E005749EC /* Frameworks */,
				4B5D616827A1E33E005749EC /* Resources */,
			);
			buildRules = (
			);
			dependencies = (
				4B5D616C27A1E33E005749EC /* PBXTargetDependency */,
			);
			name = CryptoTrackerUITests;
			productName = CryptoTrackerUITests;
			productReference = 4B5D616A27A1E33E005749EC /* CryptoTrackerUITests.xctest */;
			productType = "com.apple.product-type.bundle.ui-testing";
		};
/* End PBXNativeTarget section */

/* Begin PBXProject section */
		4B5D614227A1E339005749EC /* Project object */ = {
			isa = PBXProject;
			attributes = {
				BuildIndependentTargetsInParallel = 1;
				LastSwiftUpdateCheck = 1320;
				LastUpgradeCheck = 1320;
				TargetAttributes = {
					4B5D614927A1E339005749EC = {
						CreatedOnToolsVersion = 13.2.1;
					};
					4B5D615F27A1E33E005749EC = {
						CreatedOnToolsVersion = 13.2.1;
						TestTargetID = 4B5D614927A1E339005749EC;
					};
					4B5D616927A1E33E005749EC = {
						CreatedOnToolsVersion = 13.2.1;
						TestTargetID = 4B5D614927A1E339005749EC;
					};
				};
			};
			buildConfigurationList = 4B5D614527A1E339005749EC /* Build configuration list for PBXProject "CryptoTracker" */;
			compatibilityVersion = "Xcode 13.0";
			developmentRegion = en;
			hasScannedForEncodings = 0;
			knownRegions = (
				en,
				Base,
			);
			mainGroup = 4B5D614127A1E339005749EC;
			productRefGroup = 4B5D614B27A1E339005749EC /* Products */;
			projectDirPath = "";
			projectRoot = "";
			targets = (
				4B5D614927A1E339005749EC /* CryptoTracker */,
				4B5D615F27A1E33E005749EC /* CryptoTrackerTests */,
				4B5D616927A1E33E005749EC /* CryptoTrackerUITests */,
			);
		};
/* End PBXProject section */

/* Begin PBXResourcesBuildPhase section */
		4B5D614827A1E339005749EC /* Resources */ = {
			isa = PBXResourcesBuildPhase;
			buildActionMask = 2147483647;
			files = (
				4B5D615A27A1E33E005749EC /* LaunchScreen.storyboard in Resources */,
				4B5D615727A1E33E005749EC /* Assets.xcassets in Resources */,
				4B5D615527A1E339005749EC /* Main.storyboard in Resources */,
			);
			runOnlyForDeploymentPostprocessing = 0;
		};
		4B5D615E27A1E33E005749EC /* Resources */ = {
			isa = PBXResourcesBuildPhase;
			buildActionMask = 2147483647;
			files = (
			);
			runOnlyForDeploymentPostprocessing = 0;
		};
		4B5D616827A1E33E005749EC /* Resources */ = {
			isa = PBXResourcesBuildPhase;
			buildActionMask = 2147483647;
			files = (
			);
			runOnlyForDeploymentPostprocessing = 0;
		};
/* End PBXResourcesBuildPhase section */

/* Begin PBXSourcesBuildPhase section */
		4B5D614627A1E339005749EC /* Sources */ = {
			isa = PBXSourcesBuildPhase;
			buildActionMask = 2147483647;
			files = (
				4B5D615227A1E339005749EC /* ViewController.swift in Sources */,
				4B5D614E27A1E339005749EC /* AppDelegate.swift in Sources */,
				4B5D615027A1E339005749EC /* SceneDelegate.swift in Sources */,
				4B5D618227A36D6F005749EC /* Models.swift in Sources */,
				4B5D618027A22A87005749EC /* CryptoTableViewCell.swift in Sources */,
				4B5D617E27A2250A005749EC /* APICaller.swift in Sources */,
			);
			runOnlyForDeploymentPostprocessing = 0;
		};
		4B5D615C27A1E33E005749EC /* Sources */ = {
			isa = PBXSourcesBuildPhase;
			buildActionMask = 2147483647;
			files = (
				4B5D616527A1E33E005749EC /* CryptoTrackerTests.swift in Sources */,
			);
			runOnlyForDeploymentPostprocessing = 0;
		};
		4B5D616627A1E33E005749EC /* Sources */ = {
			isa = PBXSourcesBuildPhase;
			buildActionMask = 2147483647;
			files = (
				4B5D617127A1E33E005749EC /* CryptoTrackerUITestsLaunchTests.swift in Sources */,
				4B5D616F27A1E33E005749EC /* CryptoTrackerUITests.swift in Sources */,
			);
			runOnlyForDeploymentPostprocessing = 0;
		};
/* End PBXSourcesBuildPhase section */

/* Begin PBXTargetDependency section */
		4B5D616227A1E33E005749EC /* PBXTargetDependency */ = {
			isa = PBXTargetDependency;
			target = 4B5D614927A1E339005749EC /* CryptoTracker */;
			targetProxy = 4B5D616127A1E33E005749EC /* PBXContainerItemProxy */;
		};
		4B5D616C27A1E33E005749EC /* PBXTargetDependency */ = {
			isa = PBXTargetDependency;
			target = 4B5D614927A1E339005749EC /* CryptoTracker */;
			targetProxy = 4B5D616B27A1E33E005749EC /* PBXContainerItemProxy */;
		};
/* End PBXTargetDependency section */

/* Begin PBXVariantGroup section */
		4B5D615327A1E339005749EC /* Main.storyboard */ = {
			isa = PBXVariantGroup;
			children = (
				4B5D615427A1E339005749EC /* Base */,
			);
			name = Main.storyboard;
			sourceTree = "<group>";
		};
		4B5D615827A1E33E005749EC /* LaunchScreen.storyboard */ = {
			isa = PBXVariantGroup;
			children = (
				4B5D615927A1E33E005749EC /* Base */,
			);
			name = LaunchScreen.storyboard;
			sourceTree = "<group>";
		};
/* End PBXVariantGroup section */

/* Begin XCBuildConfiguration section */
		4B5D617227A1E33E005749EC /* Debug */ = {
			isa = XCBuildConfiguration;
			buildSettings = {
				ALWAYS_SEARCH_USER_PATHS = NO;
				CLANG_ANALYZER_NONNULL = YES;
				CLANG_ANALYZER_NUMBER_OBJECT_CONVERSION = YES_AGGRESSIVE;
				CLANG_CXX_LANGUAGE_STANDARD = "gnu++17";
				CLANG_CXX_LIBRARY = "libc++";
				CLANG_ENABLE_MODULES = YES;
				CLANG_ENABLE_OBJC_ARC = YES;
				CLANG_ENABLE_OBJC_WEAK = YES;
				CLANG_WARN_BLOCK_CAPTURE_AUTORELEASING = YES;
				CLANG_WARN_BOOL_CONVERSION = YES;
				CLANG_WARN_COMMA = YES;
				CLANG_WARN_CONSTANT_CONVERSION = YES;
				CLANG_WARN_DEPRECATED_OBJC_IMPLEMENTATIONS = YES;
				CLANG_WARN_DIRECT_OBJC_ISA_USAGE = YES_ERROR;
				CLANG_WARN_DOCUMENTATION_COMMENTS = YES;
				CLANG_WARN_EMPTY_BODY = YES;
				CLANG_WARN_ENUM_CONVERSION = YES;
				CLANG_WARN_INFINITE_RECURSION = YES;
				CLANG_WARN_INT_CONVERSION = YES;
				CLANG_WARN_NON_LITERAL_NULL_CONVERSION = YES;
				CLANG_WARN_OBJC_IMPLICIT_RETAIN_SELF = YES;
				CLANG_WARN_OBJC_LITERAL_CONVERSION = YES;
				CLANG_WARN_OBJC_ROOT_CLASS = YES_ERROR;
				CLANG_WARN_QUOTED_INCLUDE_IN_FRAMEWORK_HEADER = YES;
				CLANG_WARN_RANGE_LOOP_ANALYSIS = YES;
				CLANG_WARN_STRICT_PROTOTYPES = YES;
				CLANG_WARN_SUSPICIOUS_MOVE = YES;
				CLANG_WARN_UNGUARDED_AVAILABILITY = YES_AGGRESSIVE;
				CLANG_WARN_UNREACHABLE_CODE = YES;
				CLANG_WARN__DUPLICATE_METHOD_MATCH = YES;
				COPY_PHASE_STRIP = NO;
				DEBUG_INFORMATION_FORMAT = dwarf;
				ENABLE_STRICT_OBJC_MSGSEND = YES;
				ENABLE_TESTABILITY = YES;
				GCC_C_LANGUAGE_STANDARD = gnu11;
				GCC_DYNAMIC_NO_PIC = NO;
				GCC_NO_COMMON_BLOCKS = YES;
				GCC_OPTIMIZATION_LEVEL = 0;
				GCC_PREPROCESSOR_DEFINITIONS = (
					"DEBUG=1",
					"$(inherited)",
				);
				GCC_WARN_64_TO_32_BIT_CONVERSION = YES;
				GCC_WARN_ABOUT_RETURN_TYPE = YES_ERROR;
				GCC_WARN_UNDECLARED_SELECTOR = YES;
				GCC_WARN_UNINITIALIZED_AUTOS = YES_AGGRESSIVE;
				GCC_WARN_UNUSED_FUNCTION = YES;
				GCC_WARN_UNUSED_VARIABLE = YES;
				IPHONEOS_DEPLOYMENT_TARGET = 15.2;
				MTL_ENABLE_DEBUG_INFO = INCLUDE_SOURCE;
				MTL_FAST_MATH = YES;
				ONLY_ACTIVE_ARCH = YES;
				SDKROOT = iphoneos;
				SWIFT_ACTIVE_COMPILATION_CONDITIONS = DEBUG;
				SWIFT_OPTIMIZATION_LEVEL = "-Onone";
			};
			name = Debug;
		};
		4B5D617327A1E33E005749EC /* Release */ = {
			isa = XCBuildConfiguration;
			buildSettings = {
				ALWAYS_SEARCH_USER_PATHS = NO;
				CLANG_ANALYZER_NONNULL = YES;
				CLANG_ANALYZER_NUMBER_OBJECT_CONVERSION = YES_AGGRESSIVE;
				CLANG_CXX_LANGUAGE_STANDARD = "gnu++17";
				CLANG_CXX_LIBRARY = "libc++";
				CLANG_ENABLE_MODULES = YES;
				CLANG_ENABLE_OBJC_ARC = YES;
				CLANG_ENABLE_OBJC_WEAK = YES;
				CLANG_WARN_BLOCK_CAPTURE_AUTORELEASING = YES;
				CLANG_WARN_BOOL_CONVERSION = YES;
				CLANG_WARN_COMMA = YES;
				CLANG_WARN_CONSTANT_CONVERSION = YES;
				CLANG_WARN_DEPRECATED_OBJC_IMPLEMENTATIONS = YES;
				CLANG_WARN_DIRECT_OBJC_ISA_USAGE = YES_ERROR;
				CLANG_WARN_DOCUMENTATION_COMMENTS = YES;
				CLANG_WARN_EMPTY_BODY = YES;
				CLANG_WARN_ENUM_CONVERSION = YES;
				CLANG_WARN_INFINITE_RECURSION = YES;
				CLANG_WARN_INT_CONVERSION = YES;
				CLANG_WARN_NON_LITERAL_NULL_CONVERSION = YES;
				CLANG_WARN_OBJC_IMPLICIT_RETAIN_SELF = YES;
				CLANG_WARN_OBJC_LITERAL_CONVERSION = YES;
				CLANG_WARN_OBJC_ROOT_CLASS = YES_ERROR;
				CLANG_WARN_QUOTED_INCLUDE_IN_FRAMEWORK_HEADER = YES;
				CLANG_WARN_RANGE_LOOP_ANALYSIS = YES;
				CLANG_WARN_STRICT_PROTOTYPES = YES;
				CLANG_WARN_SUSPICIOUS_MOVE = YES;
				CLANG_WARN_UNGUARDED_AVAILABILITY = YES_AGGRESSIVE;
				CLANG_WARN_UNREACHABLE_CODE = YES;
				CLANG_WARN__DUPLICATE_METHOD_MATCH = YES;
				COPY_PHASE_STRIP = NO;
				DEBUG_INFORMATION_FORMAT = "dwarf-with-dsym";
				ENABLE_NS_ASSERTIONS = NO;
				ENABLE_STRICT_OBJC_MSGSEND = YES;
				GCC_C_LANGUAGE_STANDARD = gnu11;
				GCC_NO_COMMON_BLOCKS = YES;
				GCC_WARN_64_TO_32_BIT_CONVERSION = YES;
				GCC_WARN_ABOUT_RETURN_TYPE = YES_ERROR;
				GCC_WARN_UNDECLARED_SELECTOR = YES;
				GCC_WARN_UNINITIALIZED_AUTOS = YES_AGGRESSIVE;
				GCC_WARN_UNUSED_FUNCTION = YES;
				GCC_WARN_UNUSED_VARIABLE = YES;
				IPHONEOS_DEPLOYMENT_TARGET = 15.2;
				MTL_ENABLE_DEBUG_INFO = NO;
				MTL_FAST_MATH = YES;
				SDKROOT = iphoneos;
				SWIFT_COMPILATION_MODE = wholemodule;
				SWIFT_OPTIMIZATION_LEVEL = "-O";
				VALIDATE_PRODUCT = YES;
			};
			name = Release;
		};
		4B5D617527A1E33E005749EC /* Debug */ = {
			isa = XCBuildConfiguration;
			buildSettings = {
				ASSETCATALOG_COMPILER_APPICON_NAME = AppIcon;
				ASSETCATALOG_COMPILER_GLOBAL_ACCENT_COLOR_NAME = AccentColor;
				CODE_SIGN_STYLE = Automatic;
				CURRENT_PROJECT_VERSION = 1;
				DEVELOPMENT_TEAM = 86C6SXH632;
				GENERATE_INFOPLIST_FILE = YES;
				INFOPLIST_FILE = CryptoTracker/Info.plist;
				INFOPLIST_KEY_UIApplicationSupportsIndirectInputEvents = YES;
				INFOPLIST_KEY_UILaunchStoryboardName = LaunchScreen;
				INFOPLIST_KEY_UIMainStoryboardFile = Main;
				INFOPLIST_KEY_UISupportedInterfaceOrientations_iPad = "UIInterfaceOrientationPortrait UIInterfaceOrientationPortraitUpsideDown UIInterfaceOrientationLandscapeLeft UIInterfaceOrientationLandscapeRight";
				INFOPLIST_KEY_UISupportedInterfaceOrientations_iPhone = "UIInterfaceOrientationPortrait UIInterfaceOrientationLandscapeLeft UIInterfaceOrientationLandscapeRight";
				LD_RUNPATH_SEARCH_PATHS = (
					"$(inherited)",
					"@executable_path/Frameworks",
				);
				MARKETING_VERSION = 1.0;
				PRODUCT_BUNDLE_IDENTIFIER = afellaproductions.CryptoTracker;
				PRODUCT_NAME = "$(TARGET_NAME)";
				SWIFT_EMIT_LOC_STRINGS = YES;
				SWIFT_VERSION = 5.0;
				TARGETED_DEVICE_FAMILY = "1,2";
			};
			name = Debug;
		};
		4B5D617627A1E33E005749EC /* Release */ = {
			isa = XCBuildConfiguration;
			buildSettings = {
				ASSETCATALOG_COMPILER_APPICON_NAME = AppIcon;
				ASSETCATALOG_COMPILER_GLOBAL_ACCENT_COLOR_NAME = AccentColor;
				CODE_SIGN_STYLE = Automatic;
				CURRENT_PROJECT_VERSION = 1;
				DEVELOPMENT_TEAM = 86C6SXH632;
				GENERATE_INFOPLIST_FILE = YES;
				INFOPLIST_FILE = CryptoTracker/Info.plist;
				INFOPLIST_KEY_UIApplicationSupportsIndirectInputEvents = YES;
				INFOPLIST_KEY_UILaunchStoryboardName = LaunchScreen;
				INFOPLIST_KEY_UIMainStoryboardFile = Main;
				INFOPLIST_KEY_UISupportedInterfaceOrientations_iPad = "UIInterfaceOrientationPortrait UIInterfaceOrientationPortraitUpsideDown UIInterfaceOrientationLandscapeLeft UIInterfaceOrientationLandscapeRight";
				INFOPLIST_KEY_UISupportedInterfaceOrientations_iPhone = "UIInterfaceOrientationPortrait UIInterfaceOrientationLandscapeLeft UIInterfaceOrientationLandscapeRight";
				LD_RUNPATH_SEARCH_PATHS = (
					"$(inherited)",
					"@executable_path/Frameworks",
				);
				MARKETING_VERSION = 1.0;
				PRODUCT_BUNDLE_IDENTIFIER = afellaproductions.CryptoTracker;
				PRODUCT_NAME = "$(TARGET_NAME)";
				SWIFT_EMIT_LOC_STRINGS = YES;
				SWIFT_VERSION = 5.0;
				TARGETED_DEVICE_FAMILY = "1,2";
			};
			name = Release;
		};
		4B5D617827A1E33E005749EC /* Debug */ = {
			isa = XCBuildConfiguration;
			buildSettings = {
				ALWAYS_EMBED_SWIFT_STANDARD_LIBRARIES = YES;
				BUNDLE_LOADER = "$(TEST_HOST)";
				CODE_SIGN_STYLE = Automatic;
				CURRENT_PROJECT_VERSION = 1;
				DEVELOPMENT_TEAM = 86C6SXH632;
				GENERATE_INFOPLIST_FILE = YES;
				IPHONEOS_DEPLOYMENT_TARGET = 15.2;
				MARKETING_VERSION = 1.0;
				PRODUCT_BUNDLE_IDENTIFIER = afellaproductions.CryptoTrackerTests;
				PRODUCT_NAME = "$(TARGET_NAME)";
				SWIFT_EMIT_LOC_STRINGS = NO;
				SWIFT_VERSION = 5.0;
				TARGETED_DEVICE_FAMILY = "1,2";
				TEST_HOST = "$(BUILT_PRODUCTS_DIR)/CryptoTracker.app/CryptoTracker";
			};
			name = Debug;
		};
		4B5D617927A1E33E005749EC /* Release */ = {
			isa = XCBuildConfiguration;
			buildSettings = {
				ALWAYS_EMBED_SWIFT_STANDARD_LIBRARIES = YES;
				BUNDLE_LOADER = "$(TEST_HOST)";
				CODE_SIGN_STYLE = Automatic;
				CURRENT_PROJECT_VERSION = 1;
				DEVELOPMENT_TEAM = 86C6SXH632;
				GENERATE_INFOPLIST_FILE = YES;
				IPHONEOS_DEPLOYMENT_TARGET = 15.2;
				MARKETING_VERSION = 1.0;
				PRODUCT_BUNDLE_IDENTIFIER = afellaproductions.CryptoTrackerTests;
				PRODUCT_NAME = "$(TARGET_NAME)";
				SWIFT_EMIT_LOC_STRINGS = NO;
				SWIFT_VERSION = 5.0;
				TARGETED_DEVICE_FAMILY = "1,2";
				TEST_HOST = "$(BUILT_PRODUCTS_DIR)/CryptoTracker.app/CryptoTracker";
			};
			name = Release;
		};
		4B5D617B27A1E33E005749EC /* Debug */ = {
			isa = XCBuildConfiguration;
			buildSettings = {
				ALWAYS_EMBED_SWIFT_STANDARD_LIBRARIES = YES;
				CODE_SIGN_STYLE = Automatic;
				CURRENT_PROJECT_VERSION = 1;
				DEVELOPMENT_TEAM = 86C6SXH632;
				GENERATE_INFOPLIST_FILE = YES;
				MARKETING_VERSION = 1.0;
				PRODUCT_BUNDLE_IDENTIFIER = afellaproductions.CryptoTrackerUITests;
				PRODUCT_NAME = "$(TARGET_NAME)";
				SWIFT_EMIT_LOC_STRINGS = NO;
				SWIFT_VERSION = 5.0;
				TARGETED_DEVICE_FAMILY = "1,2";
				TEST_TARGET_NAME = CryptoTracker;
			};
			name = Debug;
		};
		4B5D617C27A1E33E005749EC /* Release */ = {
			isa = XCBuildConfiguration;
			buildSettings = {
				ALWAYS_EMBED_SWIFT_STANDARD_LIBRARIES = YES;
				CODE_SIGN_STYLE = Automatic;
				CURRENT_PROJECT_VERSION = 1;
				DEVELOPMENT_TEAM = 86C6SXH632;
				GENERATE_INFOPLIST_FILE = YES;
				MARKETING_VERSION = 1.0;
				PRODUCT_BUNDLE_IDENTIFIER = afellaproductions.CryptoTrackerUITests;
				PRODUCT_NAME = "$(TARGET_NAME)";
				SWIFT_EMIT_LOC_STRINGS = NO;
				SWIFT_VERSION = 5.0;
				TARGETED_DEVICE_FAMILY = "1,2";
				TEST_TARGET_NAME = CryptoTracker;
			};
			name = Release;
		};
/* End XCBuildConfiguration section */

/* Begin XCConfigurationList section */
		4B5D614527A1E339005749EC /* Build configuration list for PBXProject "CryptoTracker" */ = {
			isa = XCConfigurationList;
			buildConfigurations = (
				4B5D617227A1E33E005749EC /* Debug */,
				4B5D617327A1E33E005749EC /* Release */,
			);
			defaultConfigurationIsVisible = 0;
			defaultConfigurationName = Release;
		};
		4B5D617427A1E33E005749EC /* Build configuration list for PBXNativeTarget "CryptoTracker" */ = {
			isa = XCConfigurationList;
			buildConfigurations = (
				4B5D617527A1E33E005749EC /* Debug */,
				4B5D617627A1E33E005749EC /* Release */,
			);
			defaultConfigurationIsVisible = 0;
			defaultConfigurationName = Release;
		};
		4B5D617727A1E33E005749EC /* Build configuration list for PBXNativeTarget "CryptoTrackerTests" */ = {
			isa = XCConfigurationList;
			buildConfigurations = (
				4B5D617827A1E33E005749EC /* Debug */,
				4B5D617927A1E33E005749EC /* Release */,
			);
			defaultConfigurationIsVisible = 0;
			defaultConfigurationName = Release;
		};
		4B5D617A27A1E33E005749EC /* Build configuration list for PBXNativeTarget "CryptoTrackerUITests" */ = {
			isa = XCConfigurationList;
			buildConfigurations = (
				4B5D617B27A1E33E005749EC /* Debug */,
				4B5D617C27A1E33E005749EC /* Release */,
			);
			defaultConfigurationIsVisible = 0;
			defaultConfigurationName = Release;
		};
/* End XCConfigurationList section */
	};
	rootObject = 4B5D614227A1E339005749EC /* Project object */;
}
